
Microsoft Visual Studio Solution File, Format Version 12.00
# Visual Studio Version 17
VisualStudioVersion = 17.5.33530.505
MinimumVisualStudioVersion = 10.0.40219.1
Project("{FAE04EC0-301F-11D3-BF4B-00C04F79EFBC}") = "PROG6221-POE-PART1-ST10215069-NKOSINATHI-NGOZO", "PROG6221-POE-PART1-ST10215069-NKOSINATHI-NGOZO.csproj", "{BAF8A6D2-AC44-4B39-A9C8-C2E31CACD4C1}"
EndProject
Global
	GlobalSection(SolutionConfigurationPlatforms) = preSolution
		Debug|Any CPU = Debug|Any CPU
		Release|Any CPU = Release|Any CPU
	EndGlobalSection
	GlobalSection(ProjectConfigurationPlatforms) = postSolution
		{BAF8A6D2-AC44-4B39-A9C8-C2E31CACD4C1}.Debug|Any CPU.ActiveCfg = Debug|Any CPU
		{BAF8A6D2-AC44-4B39-A9C8-C2E31CACD4C1}.Debug|Any CPU.Build.0 = Debug|Any CPU
		{BAF8A6D2-AC44-4B39-A9C8-C2E31CACD4C1}.Release|Any CPU.ActiveCfg = Release|Any CPU
		{BAF8A6D2-AC44-4B39-A9C8-C2E31CACD4C1}.Release|Any CPU.Build.0 = Release|Any CPU
	EndGlobalSection
	GlobalSection(SolutionProperties) = preSolution
		HideSolutionNode = FALSE
	EndGlobalSection
	GlobalSection(ExtensibilityGlobals) = postSolution
		SolutionGuid = {98359101-CE06-4C96-9AC6-5C4BB97DD967}
	EndGlobalSection
EndGlobal
